
Microsoft Visual Studio Solution File, Format Version 12.00
# Visual Studio Version 16
VisualStudioVersion = 16.0.28803.156
MinimumVisualStudioVersion = 10.0.40219.1
Project("{9A19103F-16F7-4668-BE54-9A1E7A4F7556}") = "MovieGram.Data", "MovieGram.Data\MovieGram.Data.csproj", "{1E19AEDE-0D7D-49D9-BEB3-1B43DB8CD52A}"
EndProject
Project("{9A19103F-16F7-4668-BE54-9A1E7A4F7556}") = "MovieGram.Core", "MovieGram.Core\MovieGram.Core.csproj", "{CD24A5DB-FCE4-4BD7-84D6-62095F2CC97C}"
EndProject
Project("{9A19103F-16F7-4668-BE54-9A1E7A4F7556}") = "MoneyGram.Api", "MoneyGram.Api\MoneyGram.Api.csproj", "{524E0837-2C5C-4231-B387-4A4615546F9D}"
EndProject
Project("{FAE04EC0-301F-11D3-BF4B-00C04F79EFBC}") = "MoneyGram.Tests", "MoneyGram.Tests\MoneyGram.Tests.csproj", "{DCF4AD89-E4D8-4428-AA33-6988B5FF49D5}"
EndProject
Global
	GlobalSection(SolutionConfigurationPlatforms) = preSolution
		Debug|Any CPU = Debug|Any CPU
		Release|Any CPU = Release|Any CPU
	EndGlobalSection
	GlobalSection(ProjectConfigurationPlatforms) = postSolution
		{1E19AEDE-0D7D-49D9-BEB3-1B43DB8CD52A}.Debug|Any CPU.ActiveCfg = Debug|Any CPU
		{1E19AEDE-0D7D-49D9-BEB3-1B43DB8CD52A}.Debug|Any CPU.Build.0 = Debug|Any CPU
		{1E19AEDE-0D7D-49D9-BEB3-1B43DB8CD52A}.Release|Any CPU.ActiveCfg = Release|Any CPU
		{1E19AEDE-0D7D-49D9-BEB3-1B43DB8CD52A}.Release|Any CPU.Build.0 = Release|Any CPU
		{CD24A5DB-FCE4-4BD7-84D6-62095F2CC97C}.Debug|Any CPU.ActiveCfg = Debug|Any CPU
		{CD24A5DB-FCE4-4BD7-84D6-62095F2CC97C}.Debug|Any CPU.Build.0 = Debug|Any CPU
		{CD24A5DB-FCE4-4BD7-84D6-62095F2CC97C}.Release|Any CPU.ActiveCfg = Release|Any CPU
		{CD24A5DB-FCE4-4BD7-84D6-62095F2CC97C}.Release|Any CPU.Build.0 = Release|Any CPU
		{524E0837-2C5C-4231-B387-4A4615546F9D}.Debug|Any CPU.ActiveCfg = Debug|Any CPU
		{524E0837-2C5C-4231-B387-4A4615546F9D}.Debug|Any CPU.Build.0 = Debug|Any CPU
		{524E0837-2C5C-4231-B387-4A4615546F9D}.Release|Any CPU.ActiveCfg = Release|Any CPU
		{524E0837-2C5C-4231-B387-4A4615546F9D}.Release|Any CPU.Build.0 = Release|Any CPU
		{DCF4AD89-E4D8-4428-AA33-6988B5FF49D5}.Debug|Any CPU.ActiveCfg = Debug|Any CPU
		{DCF4AD89-E4D8-4428-AA33-6988B5FF49D5}.Debug|Any CPU.Build.0 = Debug|Any CPU
		{DCF4AD89-E4D8-4428-AA33-6988B5FF49D5}.Release|Any CPU.ActiveCfg = Release|Any CPU
		{DCF4AD89-E4D8-4428-AA33-6988B5FF49D5}.Release|Any CPU.Build.0 = Release|Any CPU
	EndGlobalSection
	GlobalSection(SolutionProperties) = preSolution
		HideSolutionNode = FALSE
	EndGlobalSection
	GlobalSection(ExtensibilityGlobals) = postSolution
		SolutionGuid = {92D940E0-6654-4721-9163-7A5753703E81}
	EndGlobalSection
EndGlobal
